
Microsoft Visual Studio Solution File, Format Version 12.00
# Visual Studio Version 16
VisualStudioVersion = 16.0.30011.22
MinimumVisualStudioVersion = 10.0.40219.1
Project("{FAE04EC0-301F-11D3-BF4B-00C04F79EFBC}") = "Zahlen_raten_CSharp", "Zahlen_raten_CSharp\Zahlen_raten_CSharp.csproj", "{264BFDE4-F561-46C3-B749-B3D34F5BBB76}"
EndProject
Global
	GlobalSection(SolutionConfigurationPlatforms) = preSolution
		Debug|Any CPU = Debug|Any CPU
		Release|Any CPU = Release|Any CPU
	EndGlobalSection
	GlobalSection(ProjectConfigurationPlatforms) = postSolution
		{264BFDE4-F561-46C3-B749-B3D34F5BBB76}.Debug|Any CPU.ActiveCfg = Debug|Any CPU
		{264BFDE4-F561-46C3-B749-B3D34F5BBB76}.Debug|Any CPU.Build.0 = Debug|Any CPU
		{264BFDE4-F561-46C3-B749-B3D34F5BBB76}.Release|Any CPU.ActiveCfg = Release|Any CPU
		{264BFDE4-F561-46C3-B749-B3D34F5BBB76}.Release|Any CPU.Build.0 = Release|Any CPU
	EndGlobalSection
	GlobalSection(SolutionProperties) = preSolution
		HideSolutionNode = FALSE
	EndGlobalSection
	GlobalSection(ExtensibilityGlobals) = postSolution
		SolutionGuid = {D577960A-526B-4668-9253-E561763C9623}
	EndGlobalSection
EndGlobal
